<?xml version="1.0" encoding="UTF-8" standalone="yes" ?>
<CodeBlocks_project_file>
	<FileVersion major="1" minor="6" />
	<Project>
		<Option title="ThroughLeaf" />
		<Option pch_mode="2" />
		<Option compiler="gcc" />
		<Build>
			<Target title="Debug">
				<Option output="bin/Debug/ThroughLeaf" prefix_auto="1" extension_auto="1" />
				<Option object_output="obj/Debug/" />
				<Option type="0" />
				<Option compiler="gcc" />
				<Compiler>
					<Add option="-g" />
				</Compiler>
				<Linker>
					<Add library="libgraphics64.a" />
					<Add library="libgdi32.a" />
					<Add library="libimm32.a" />
					<Add library="libmsimg32.a" />
					<Add library="libole32.a" />
					<Add library="liboleaut32.a" />
					<Add library="libwinmm.a" />
					<Add library="libuuid.a" />
					<Add library="libgdiplus.a" />
				</Linker>
			</Target>
			<Target title="Release">
				<Option output="bin/Release/ThroughLeaf" prefix_auto="1" extension_auto="1" />
				<Option object_output="obj/Release/" />
				<Option type="1" />
				<Option compiler="gcc" />
				<Compiler>
					<Add option="-O2" />
				</Compiler>
				<Linker>
					<Add option="-s" />
				</Linker>
			</Target>
		</Build>
		<Compiler>
			<Add option="-Wall" />
			<Add option="-fexceptions" />
		</Compiler>
		<Unit filename="Src/app.cpp" />
		<Unit filename="Src/app.h" />
		<Unit filename="Src/cvector.cpp" />
		<Unit filename="Src/cvector.h" />
		<Unit filename="Src/gui.cpp" />
		<Unit filename="Src/gui.h" />
		<Unit filename="Src/icon.rc">
			<Option compilerVar="WINDRES" />
		</Unit>
		<Unit filename="Src/leaf.cpp" />
		<Unit filename="Src/leaf.h" />
		<Unit filename="Src/main.cpp" />
		<Unit filename="Src/player.cpp" />
		<Unit filename="Src/player.h" />
		<Extensions>
			<lib_finder disable_auto="1" />
		</Extensions>
	</Project>
</CodeBlocks_project_file>
